
Microsoft Visual Studio Solution File, Format Version 12.00
# Visual Studio Version 17
VisualStudioVersion = 17.10.35027.167
MinimumVisualStudioVersion = 10.0.40219.1
Project("{FAE04EC0-301F-11D3-BF4B-00C04F79EFBC}") = "PlantNest_Project", "PlantNest_Project\PlantNest_Project.csproj", "{B9FFF984-D0DE-4957-B03F-6599F83338AC}"
EndProject
Global
	GlobalSection(SolutionConfigurationPlatforms) = preSolution
		Debug|Any CPU = Debug|Any CPU
		Release|Any CPU = Release|Any CPU
	EndGlobalSection
	GlobalSection(ProjectConfigurationPlatforms) = postSolution
		{B9FFF984-D0DE-4957-B03F-6599F83338AC}.Debug|Any CPU.ActiveCfg = Debug|Any CPU
		{B9FFF984-D0DE-4957-B03F-6599F83338AC}.Debug|Any CPU.Build.0 = Debug|Any CPU
		{B9FFF984-D0DE-4957-B03F-6599F83338AC}.Release|Any CPU.ActiveCfg = Release|Any CPU
		{B9FFF984-D0DE-4957-B03F-6599F83338AC}.Release|Any CPU.Build.0 = Release|Any CPU
	EndGlobalSection
	GlobalSection(SolutionProperties) = preSolution
		HideSolutionNode = FALSE
	EndGlobalSection
	GlobalSection(ExtensibilityGlobals) = postSolution
		SolutionGuid = {880AA87C-AA45-4E93-8FCE-2C5F7E4A94A9}
	EndGlobalSection
EndGlobal
